{
  "lockfile_version": "1",
  "packages": {
    "uv@latest": {
      "last_modified": "2025-02-07T11:26:36Z",
      "resolved": "github:NixOS/nixpkgs/d98abf5cf5914e5e4e9d57205e3af55ca90ffc1d#uv",
      "source": "devbox-search",
      "version": "0.5.29",
      "systems": {
        "aarch64-darwin": {
          "outputs": [
            {
              "name": "out",
              "path": "/nix/store/2f9zdf7sxsva89p3fzxry5m9p6ivax05-uv-0.5.29",
              "default": true
            }
          ],
          "store_path": "/nix/store/2f9zdf7sxsva89p3fzxry5m9p6ivax05-uv-0.5.29"
        },
        "aarch64-linux": {
          "outputs": [
            {
              "name": "out",
              "path": "/nix/store/0imbdi62wdayj9ljk4ihjr83g8jwhsh8-uv-0.5.29",
              "default": true
            }
          ],
          "store_path": "/nix/store/0imbdi62wdayj9ljk4ihjr83g8jwhsh8-uv-0.5.29"
        },
        "x86_64-darwin": {
          "outputs": [
            {
              "name": "out",
              "path": "/nix/store/2cj7x75haqxnn9ixcq6cglj14i4j5w4y-uv-0.5.29",
              "default": true
            }
          ],
          "store_path": "/nix/store/2cj7x75haqxnn9ixcq6cglj14i4j5w4y-uv-0.5.29"
        },
        "x86_64-linux": {
          "outputs": [
            {
              "name": "out",
              "path": "/nix/store/sjvnlrxn0145v7kqcx99ys5n27agy5cz-uv-0.5.29",
              "default": true
            }
          ],
          "store_path": "/nix/store/sjvnlrxn0145v7kqcx99ys5n27agy5cz-uv-0.5.29"
        }
      }
    }
  }
}
